
Microsoft Visual Studio Solution File, Format Version 12.00
# Visual Studio Version 17
VisualStudioVersion = 17.7.34202.233
MinimumVisualStudioVersion = 10.0.40219.1
Project("{FAE04EC0-301F-11D3-BF4B-00C04F79EFBC}") = "WinFormsApp1", "WinFormsApp1\WinFormsApp1.csproj", "{FF5B53DC-BBC2-43FB-B09D-CDA96974F0BC}"
EndProject
Global
	GlobalSection(SolutionConfigurationPlatforms) = preSolution
		Debug|Any CPU = Debug|Any CPU
		Release|Any CPU = Release|Any CPU
	EndGlobalSection
	GlobalSection(ProjectConfigurationPlatforms) = postSolution
		{FF5B53DC-BBC2-43FB-B09D-CDA96974F0BC}.Debug|Any CPU.ActiveCfg = Debug|Any CPU
		{FF5B53DC-BBC2-43FB-B09D-CDA96974F0BC}.Debug|Any CPU.Build.0 = Debug|Any CPU
		{FF5B53DC-BBC2-43FB-B09D-CDA96974F0BC}.Release|Any CPU.ActiveCfg = Release|Any CPU
		{FF5B53DC-BBC2-43FB-B09D-CDA96974F0BC}.Release|Any CPU.Build.0 = Release|Any CPU
	EndGlobalSection
	GlobalSection(SolutionProperties) = preSolution
		HideSolutionNode = FALSE
	EndGlobalSection
	GlobalSection(ExtensibilityGlobals) = postSolution
		SolutionGuid = {3A35B118-D191-491E-BF8A-EC340FB729F4}
	EndGlobalSection
EndGlobal
